<?xml version="1.0" encoding="utf-8"?>
<Project ToolsVersion="4.0" xmlns="http://schemas.microsoft.com/developer/msbuild/2003">
  <ItemGroup>
    <Filter Include="Source Files">
      <UniqueIdentifier>{4FC737F1-C7A5-4376-A066-2A32D752A2FF}</UniqueIdentifier>
      <Extensions>cpp;c;cc;cxx;def;odl;idl;hpj;bat;asm;asmx</Extensions>
    </Filter>
    <Filter Include="Header Files">
      <UniqueIdentifier>{93995380-89BD-4b04-88EB-625FBE52EBFB}</UniqueIdentifier>
      <Extensions>h;hh;hpp;hxx;hm;inl;inc;ipp;xsd</Extensions>
    </Filter>
    <Filter Include="Resource Files">
      <UniqueIdentifier>{67DA6AB6-F800-4c08-8B7A-83BB121AAD01}</UniqueIdentifier>
      <Extensions>rc;ico;cur;bmp;dlg;rc2;rct;bin;rgs;gif;jpg;jpeg;jpe;resx;tiff;tif;png;wav;mfcribbon-ms</Extensions>
    </Filter>
    <Filter Include="Game">
      <UniqueIdentifier>{2193e634-2b90-41a7-b4cc-aacbbbb8776e}</UniqueIdentifier>
    </Filter>
  </ItemGroup>
  <ItemGroup>
    <ClInclude Include="EmConsole.h">
      <Filter>Header Files</Filter>
    </ClInclude>
    <ClInclude Include="keyinput.h">
      <Filter>Header Files</Filter>
    </ClInclude>
    <ClInclude Include="EmGineAudioPlayer.h">
      <Filter>Header Files</Filter>
    </ClInclude>
    <ClInclude Include="XinputManager.h">
      <Filter>Header Files</Filter>
    </ClInclude>
  </ItemGroup>
  <ItemGroup>
    <ClCompile Include="EmConsole.cpp">
      <Filter>Source Files</Filter>
    </ClCompile>
    <ClCompile Include="KeyInput.cpp">
      <Filter>Source Files</Filter>
    </ClCompile>
    <ClCompile Include="EmGineAudioPlayer.cpp">
      <Filter>Source Files</Filter>
    </ClCompile>
    <ClCompile Include="XinputManager.cpp">
      <Filter>Source Files</Filter>
    </ClCompile>
    <ClCompile Include="main.cpp">
      <Filter>Game</Filter>
    </ClCompile>
  </ItemGroup>
  <ItemGroup>
    <Text Include="Game Files\Controles.txt">
      <Filter>Resource Files</Filter>
    </Text>
    <Text Include="Game Files\Logo.txt">
      <Filter>Resource Files</Filter>
    </Text>
    <Text Include="Game Files\Lyrics Box.txt">
      <Filter>Resource Files</Filter>
    </Text>
    <Text Include="Game Files\Notes.txt">
      <Filter>Resource Files</Filter>
    </Text>
    <Text Include="Game Files\Pause Menu.txt">
      <Filter>Resource Files</Filter>
    </Text>
    <Text Include="Game Files\Track.txt">
      <Filter>Resource Files</Filter>
    </Text>
  </ItemGroup>
  <ItemGroup>
    <None Include="ClassDiagram.cd" />
  </ItemGroup>
</Project>